
Microsoft Visual Studio Solution File, Format Version 12.00
# Visual Studio 15
VisualStudioVersion = 15.0.26124.0
MinimumVisualStudioVersion = 15.0.26124.0
Project("{FAE04EC0-301F-11D3-BF4B-00C04F79EFBC}") = "Easify.Exports.Common", "Easify.Exports.Common\Easify.Exports.Common.csproj", "{2B895F35-BA24-4BA3-BD17-BCBB4FF2A271}"
EndProject
Project("{FAE04EC0-301F-11D3-BF4B-00C04F79EFBC}") = "Easify.Exports", "Easify.Exports\Easify.Exports.csproj", "{C8E40DD6-945C-433B-9F67-8BFC434F6C18}"
EndProject
Project("{FAE04EC0-301F-11D3-BF4B-00C04F79EFBC}") = "Easify.Exports.Autofac", "Easify.Exports.Autofac\Easify.Exports.Autofac.csproj", "{76E591A5-AD6D-44DA-9DD7-7BB21FCDB0B9}"
EndProject
Project("{FAE04EC0-301F-11D3-BF4B-00C04F79EFBC}") = "Easify.Exports.Client", "Easify.Exports.Client\Easify.Exports.Client.csproj", "{637F8A35-71E6-4323-83D7-B6F5A4519453}"
EndProject
Project("{FAE04EC0-301F-11D3-BF4B-00C04F79EFBC}") = "Easify.Exports.Client.UnitTests", "Easify.Exports.Client.UnitTests\Easify.Exports.Client.UnitTests.csproj", "{D6B19C5F-2F46-49F7-9F19-4902ABB51DB4}"
EndProject
Project("{FAE04EC0-301F-11D3-BF4B-00C04F79EFBC}") = "Easify.Exports.UnitTests", "Easify.Exports.UnitTests\Easify.Exports.UnitTests.csproj", "{BCCFDA00-54AA-4F77-B074-9E7BCE9407BD}"
EndProject
Project("{FAE04EC0-301F-11D3-BF4B-00C04F79EFBC}") = "Easify.Exports.IntegrationTests", "Easify.Exports.IntegrationTests\Easify.Exports.IntegrationTests.csproj", "{44E07FF6-FE50-46E3-B970-250E6DA53F59}"
EndProject
Project("{FAE04EC0-301F-11D3-BF4B-00C04F79EFBC}") = "Easify.Exports.Agent", "Easify.Exports.Agent\Easify.Exports.Agent.csproj", "{B6A4736D-0570-4C31-B602-3A0C2DDC59AD}"
EndProject
Project("{FAE04EC0-301F-11D3-BF4B-00C04F79EFBC}") = "Easify.Exports.Agent.UnitTests", "Easify.Exports.Agent.UnitTests\Easify.Exports.Agent.UnitTests.csproj", "{F576919C-F647-4F46-BBDD-37DF86A0E998}"
EndProject
Global
	GlobalSection(SolutionConfigurationPlatforms) = preSolution
		Debug|Any CPU = Debug|Any CPU
		Debug|x64 = Debug|x64
		Debug|x86 = Debug|x86
		Release|Any CPU = Release|Any CPU
		Release|x64 = Release|x64
		Release|x86 = Release|x86
	EndGlobalSection
	GlobalSection(SolutionProperties) = preSolution
		HideSolutionNode = FALSE
	EndGlobalSection
	GlobalSection(ProjectConfigurationPlatforms) = postSolution
		{2B895F35-BA24-4BA3-BD17-BCBB4FF2A271}.Debug|Any CPU.ActiveCfg = Debug|Any CPU
		{2B895F35-BA24-4BA3-BD17-BCBB4FF2A271}.Debug|Any CPU.Build.0 = Debug|Any CPU
		{2B895F35-BA24-4BA3-BD17-BCBB4FF2A271}.Debug|x64.ActiveCfg = Debug|Any CPU
		{2B895F35-BA24-4BA3-BD17-BCBB4FF2A271}.Debug|x64.Build.0 = Debug|Any CPU
		{2B895F35-BA24-4BA3-BD17-BCBB4FF2A271}.Debug|x86.ActiveCfg = Debug|Any CPU
		{2B895F35-BA24-4BA3-BD17-BCBB4FF2A271}.Debug|x86.Build.0 = Debug|Any CPU
		{2B895F35-BA24-4BA3-BD17-BCBB4FF2A271}.Release|Any CPU.ActiveCfg = Release|Any CPU
		{2B895F35-BA24-4BA3-BD17-BCBB4FF2A271}.Release|Any CPU.Build.0 = Release|Any CPU
		{2B895F35-BA24-4BA3-BD17-BCBB4FF2A271}.Release|x64.ActiveCfg = Release|Any CPU
		{2B895F35-BA24-4BA3-BD17-BCBB4FF2A271}.Release|x64.Build.0 = Release|Any CPU
		{2B895F35-BA24-4BA3-BD17-BCBB4FF2A271}.Release|x86.ActiveCfg = Release|Any CPU
		{2B895F35-BA24-4BA3-BD17-BCBB4FF2A271}.Release|x86.Build.0 = Release|Any CPU
		{C8E40DD6-945C-433B-9F67-8BFC434F6C18}.Debug|Any CPU.ActiveCfg = Debug|Any CPU
		{C8E40DD6-945C-433B-9F67-8BFC434F6C18}.Debug|Any CPU.Build.0 = Debug|Any CPU
		{C8E40DD6-945C-433B-9F67-8BFC434F6C18}.Debug|x64.ActiveCfg = Debug|Any CPU
		{C8E40DD6-945C-433B-9F67-8BFC434F6C18}.Debug|x64.Build.0 = Debug|Any CPU
		{C8E40DD6-945C-433B-9F67-8BFC434F6C18}.Debug|x86.ActiveCfg = Debug|Any CPU
		{C8E40DD6-945C-433B-9F67-8BFC434F6C18}.Debug|x86.Build.0 = Debug|Any CPU
		{C8E40DD6-945C-433B-9F67-8BFC434F6C18}.Release|Any CPU.ActiveCfg = Release|Any CPU
		{C8E40DD6-945C-433B-9F67-8BFC434F6C18}.Release|Any CPU.Build.0 = Release|Any CPU
		{C8E40DD6-945C-433B-9F67-8BFC434F6C18}.Release|x64.ActiveCfg = Release|Any CPU
		{C8E40DD6-945C-433B-9F67-8BFC434F6C18}.Release|x64.Build.0 = Release|Any CPU
		{C8E40DD6-945C-433B-9F67-8BFC434F6C18}.Release|x86.ActiveCfg = Release|Any CPU
		{C8E40DD6-945C-433B-9F67-8BFC434F6C18}.Release|x86.Build.0 = Release|Any CPU
		{76E591A5-AD6D-44DA-9DD7-7BB21FCDB0B9}.Debug|Any CPU.ActiveCfg = Debug|Any CPU
		{76E591A5-AD6D-44DA-9DD7-7BB21FCDB0B9}.Debug|Any CPU.Build.0 = Debug|Any CPU
		{76E591A5-AD6D-44DA-9DD7-7BB21FCDB0B9}.Debug|x64.ActiveCfg = Debug|Any CPU
		{76E591A5-AD6D-44DA-9DD7-7BB21FCDB0B9}.Debug|x64.Build.0 = Debug|Any CPU
		{76E591A5-AD6D-44DA-9DD7-7BB21FCDB0B9}.Debug|x86.ActiveCfg = Debug|Any CPU
		{76E591A5-AD6D-44DA-9DD7-7BB21FCDB0B9}.Debug|x86.Build.0 = Debug|Any CPU
		{76E591A5-AD6D-44DA-9DD7-7BB21FCDB0B9}.Release|Any CPU.ActiveCfg = Release|Any CPU
		{76E591A5-AD6D-44DA-9DD7-7BB21FCDB0B9}.Release|Any CPU.Build.0 = Release|Any CPU
		{76E591A5-AD6D-44DA-9DD7-7BB21FCDB0B9}.Release|x64.ActiveCfg = Release|Any CPU
		{76E591A5-AD6D-44DA-9DD7-7BB21FCDB0B9}.Release|x64.Build.0 = Release|Any CPU
		{76E591A5-AD6D-44DA-9DD7-7BB21FCDB0B9}.Release|x86.ActiveCfg = Release|Any CPU
		{76E591A5-AD6D-44DA-9DD7-7BB21FCDB0B9}.Release|x86.Build.0 = Release|Any CPU
		{637F8A35-71E6-4323-83D7-B6F5A4519453}.Debug|Any CPU.ActiveCfg = Debug|Any CPU
		{637F8A35-71E6-4323-83D7-B6F5A4519453}.Debug|Any CPU.Build.0 = Debug|Any CPU
		{637F8A35-71E6-4323-83D7-B6F5A4519453}.Debug|x64.ActiveCfg = Debug|Any CPU
		{637F8A35-71E6-4323-83D7-B6F5A4519453}.Debug|x64.Build.0 = Debug|Any CPU
		{637F8A35-71E6-4323-83D7-B6F5A4519453}.Debug|x86.ActiveCfg = Debug|Any CPU
		{637F8A35-71E6-4323-83D7-B6F5A4519453}.Debug|x86.Build.0 = Debug|Any CPU
		{637F8A35-71E6-4323-83D7-B6F5A4519453}.Release|Any CPU.ActiveCfg = Release|Any CPU
		{637F8A35-71E6-4323-83D7-B6F5A4519453}.Release|Any CPU.Build.0 = Release|Any CPU
		{637F8A35-71E6-4323-83D7-B6F5A4519453}.Release|x64.ActiveCfg = Release|Any CPU
		{637F8A35-71E6-4323-83D7-B6F5A4519453}.Release|x64.Build.0 = Release|Any CPU
		{637F8A35-71E6-4323-83D7-B6F5A4519453}.Release|x86.ActiveCfg = Release|Any CPU
		{637F8A35-71E6-4323-83D7-B6F5A4519453}.Release|x86.Build.0 = Release|Any CPU
		{D6B19C5F-2F46-49F7-9F19-4902ABB51DB4}.Debug|Any CPU.ActiveCfg = Debug|Any CPU
		{D6B19C5F-2F46-49F7-9F19-4902ABB51DB4}.Debug|Any CPU.Build.0 = Debug|Any CPU
		{D6B19C5F-2F46-49F7-9F19-4902ABB51DB4}.Debug|x64.ActiveCfg = Debug|Any CPU
		{D6B19C5F-2F46-49F7-9F19-4902ABB51DB4}.Debug|x64.Build.0 = Debug|Any CPU
		{D6B19C5F-2F46-49F7-9F19-4902ABB51DB4}.Debug|x86.ActiveCfg = Debug|Any CPU
		{D6B19C5F-2F46-49F7-9F19-4902ABB51DB4}.Debug|x86.Build.0 = Debug|Any CPU
		{D6B19C5F-2F46-49F7-9F19-4902ABB51DB4}.Release|Any CPU.ActiveCfg = Release|Any CPU
		{D6B19C5F-2F46-49F7-9F19-4902ABB51DB4}.Release|Any CPU.Build.0 = Release|Any CPU
		{D6B19C5F-2F46-49F7-9F19-4902ABB51DB4}.Release|x64.ActiveCfg = Release|Any CPU
		{D6B19C5F-2F46-49F7-9F19-4902ABB51DB4}.Release|x64.Build.0 = Release|Any CPU
		{D6B19C5F-2F46-49F7-9F19-4902ABB51DB4}.Release|x86.ActiveCfg = Release|Any CPU
		{D6B19C5F-2F46-49F7-9F19-4902ABB51DB4}.Release|x86.Build.0 = Release|Any CPU
		{BCCFDA00-54AA-4F77-B074-9E7BCE9407BD}.Debug|Any CPU.ActiveCfg = Debug|Any CPU
		{BCCFDA00-54AA-4F77-B074-9E7BCE9407BD}.Debug|Any CPU.Build.0 = Debug|Any CPU
		{BCCFDA00-54AA-4F77-B074-9E7BCE9407BD}.Debug|x64.ActiveCfg = Debug|Any CPU
		{BCCFDA00-54AA-4F77-B074-9E7BCE9407BD}.Debug|x64.Build.0 = Debug|Any CPU
		{BCCFDA00-54AA-4F77-B074-9E7BCE9407BD}.Debug|x86.ActiveCfg = Debug|Any CPU
		{BCCFDA00-54AA-4F77-B074-9E7BCE9407BD}.Debug|x86.Build.0 = Debug|Any CPU
		{BCCFDA00-54AA-4F77-B074-9E7BCE9407BD}.Release|Any CPU.ActiveCfg = Release|Any CPU
		{BCCFDA00-54AA-4F77-B074-9E7BCE9407BD}.Release|Any CPU.Build.0 = Release|Any CPU
		{BCCFDA00-54AA-4F77-B074-9E7BCE9407BD}.Release|x64.ActiveCfg = Release|Any CPU
		{BCCFDA00-54AA-4F77-B074-9E7BCE9407BD}.Release|x64.Build.0 = Release|Any CPU
		{BCCFDA00-54AA-4F77-B074-9E7BCE9407BD}.Release|x86.ActiveCfg = Release|Any CPU
		{BCCFDA00-54AA-4F77-B074-9E7BCE9407BD}.Release|x86.Build.0 = Release|Any CPU
		{44E07FF6-FE50-46E3-B970-250E6DA53F59}.Debug|Any CPU.ActiveCfg = Debug|Any CPU
		{44E07FF6-FE50-46E3-B970-250E6DA53F59}.Debug|Any CPU.Build.0 = Debug|Any CPU
		{44E07FF6-FE50-46E3-B970-250E6DA53F59}.Debug|x64.ActiveCfg = Debug|Any CPU
		{44E07FF6-FE50-46E3-B970-250E6DA53F59}.Debug|x64.Build.0 = Debug|Any CPU
		{44E07FF6-FE50-46E3-B970-250E6DA53F59}.Debug|x86.ActiveCfg = Debug|Any CPU
		{44E07FF6-FE50-46E3-B970-250E6DA53F59}.Debug|x86.Build.0 = Debug|Any CPU
		{44E07FF6-FE50-46E3-B970-250E6DA53F59}.Release|Any CPU.ActiveCfg = Release|Any CPU
		{44E07FF6-FE50-46E3-B970-250E6DA53F59}.Release|Any CPU.Build.0 = Release|Any CPU
		{44E07FF6-FE50-46E3-B970-250E6DA53F59}.Release|x64.ActiveCfg = Release|Any CPU
		{44E07FF6-FE50-46E3-B970-250E6DA53F59}.Release|x64.Build.0 = Release|Any CPU
		{44E07FF6-FE50-46E3-B970-250E6DA53F59}.Release|x86.ActiveCfg = Release|Any CPU
		{44E07FF6-FE50-46E3-B970-250E6DA53F59}.Release|x86.Build.0 = Release|Any CPU
		{B6A4736D-0570-4C31-B602-3A0C2DDC59AD}.Debug|Any CPU.ActiveCfg = Debug|Any CPU
		{B6A4736D-0570-4C31-B602-3A0C2DDC59AD}.Debug|Any CPU.Build.0 = Debug|Any CPU
		{B6A4736D-0570-4C31-B602-3A0C2DDC59AD}.Debug|x64.ActiveCfg = Debug|Any CPU
		{B6A4736D-0570-4C31-B602-3A0C2DDC59AD}.Debug|x64.Build.0 = Debug|Any CPU
		{B6A4736D-0570-4C31-B602-3A0C2DDC59AD}.Debug|x86.ActiveCfg = Debug|Any CPU
		{B6A4736D-0570-4C31-B602-3A0C2DDC59AD}.Debug|x86.Build.0 = Debug|Any CPU
		{B6A4736D-0570-4C31-B602-3A0C2DDC59AD}.Release|Any CPU.ActiveCfg = Release|Any CPU
		{B6A4736D-0570-4C31-B602-3A0C2DDC59AD}.Release|Any CPU.Build.0 = Release|Any CPU
		{B6A4736D-0570-4C31-B602-3A0C2DDC59AD}.Release|x64.ActiveCfg = Release|Any CPU
		{B6A4736D-0570-4C31-B602-3A0C2DDC59AD}.Release|x64.Build.0 = Release|Any CPU
		{B6A4736D-0570-4C31-B602-3A0C2DDC59AD}.Release|x86.ActiveCfg = Release|Any CPU
		{B6A4736D-0570-4C31-B602-3A0C2DDC59AD}.Release|x86.Build.0 = Release|Any CPU
		{F576919C-F647-4F46-BBDD-37DF86A0E998}.Debug|Any CPU.ActiveCfg = Debug|Any CPU
		{F576919C-F647-4F46-BBDD-37DF86A0E998}.Debug|Any CPU.Build.0 = Debug|Any CPU
		{F576919C-F647-4F46-BBDD-37DF86A0E998}.Debug|x64.ActiveCfg = Debug|Any CPU
		{F576919C-F647-4F46-BBDD-37DF86A0E998}.Debug|x64.Build.0 = Debug|Any CPU
		{F576919C-F647-4F46-BBDD-37DF86A0E998}.Debug|x86.ActiveCfg = Debug|Any CPU
		{F576919C-F647-4F46-BBDD-37DF86A0E998}.Debug|x86.Build.0 = Debug|Any CPU
		{F576919C-F647-4F46-BBDD-37DF86A0E998}.Release|Any CPU.ActiveCfg = Release|Any CPU
		{F576919C-F647-4F46-BBDD-37DF86A0E998}.Release|Any CPU.Build.0 = Release|Any CPU
		{F576919C-F647-4F46-BBDD-37DF86A0E998}.Release|x64.ActiveCfg = Release|Any CPU
		{F576919C-F647-4F46-BBDD-37DF86A0E998}.Release|x64.Build.0 = Release|Any CPU
		{F576919C-F647-4F46-BBDD-37DF86A0E998}.Release|x86.ActiveCfg = Release|Any CPU
		{F576919C-F647-4F46-BBDD-37DF86A0E998}.Release|x86.Build.0 = Release|Any CPU
	EndGlobalSection
EndGlobal
